# This file is autogenerated, do not edit; changes may be undone by the next 'dep ensure'.


[[projects]]
  branch = "master"
  digest = "1:60d77a25a1e03118672796cc3d80795d43c1e555b117ffb8765ebc3f483b2b3d"
  name = "github.com/btcsuite/btcd"
  packages = [
    "btcec",
    "btcjson",
    "chaincfg",
    "chaincfg/chainhash",
    "rpcclient",
    "txscript",
    "wire",
  ]
  pruneopts = "UT"
  revision = "c26ffa870fd817666a857af1bf6498fabba1ffe3"

[[projects]]
  branch = "master"
  digest = "1:30d4a548e09bca4a0c77317c58e7407e2a65c15325e944f9c08a7b7992f8a59e"
  name = "github.com/btcsuite/btclog"
  packages = ["."]
  pruneopts = "UT"
  revision = "84c8d2346e9fc8c7b947e243b9c24e6df9fd206a"

[[projects]]
  branch = "master"
  digest = "1:d17099fb1aae071174db067e43a02780bbe534a279e0506783acd33c4f4b131c"
  name = "github.com/btcsuite/btcutil"
  packages = [
    ".",
    "base58",
    "bech32",
  ]
  pruneopts = "UT"
  revision = "9e5f4b9a998d263e3ce9c56664a7816001ac8000"

[[projects]]
  branch = "master"
  digest = "1:1e6b2f7aa98b082c30a1303c29a702c369b2ec6d86b74a599bc8bbe2333db299"
  name = "github.com/btcsuite/go-socks"
  packages = ["socks"]
  pruneopts = "UT"
  revision = "4720035b7bfd2a9bb130b1c184f8bbe41b6f0d0f"

[[projects]]
  branch = "master"
  digest = "1:0b2242fd2f4f51fb491e97e204464f75da680897a0db10ec7554c87b71b5afc3"
  name = "github.com/btcsuite/websocket"
  packages = ["."]
  pruneopts = "UT"
  revision = "31079b6807923eb23992c421b114992b95131b55"

[[projects]]
  branch = "master"
  digest = "1:1fa95129371749532e2ac8b93a0016c549ebe77f25c6fad296b6ee271fae2fd6"
  name = "golang.org/x/crypto"
  packages = ["ripemd160"]
  pruneopts = "UT"
  revision = "4def268fd1a49955bfb3dda92fe3db4f924f2285"

[solve-meta]
  analyzer-name = "dep"
  analyzer-version = 1
  input-imports = [
    "github.com/btcsuite/btcd/btcec",
    "github.com/btcsuite/btcd/chaincfg",
    "github.com/btcsuite/btcd/chaincfg/chainhash",
    "github.com/btcsuite/btcd/rpcclient",
    "github.com/btcsuite/btcd/txscript",
    "github.com/btcsuite/btcd/wire",
    "github.com/btcsuite/btcutil",
    "golang.org/x/crypto/ripemd160",
  ]
  solver-name = "gps-cdcl"
  solver-version = 1
